
Microsoft Visual Studio Solution File, Format Version 12.00
# Visual Studio 14
VisualStudioVersion = 14.0.25420.1
MinimumVisualStudioVersion = 10.0.40219.1
Project("{E24C65DC-7377-472B-9ABA-BC803B73C61A}") = "CodeGenerator", "CodeGenerator\", "{24804DC2-691A-4CFE-8C36-ED3C3A42F625}"
	ProjectSection(WebsiteProperties) = preProject
		TargetFrameworkMoniker = ".NETFramework,Version%3Dv4.5"
		Debug.AspNetCompiler.VirtualPath = "/CodeGenerator"
		Debug.AspNetCompiler.PhysicalPath = "CodeGenerator\"
		Debug.AspNetCompiler.TargetPath = "PrecompiledWeb\CodeGenerator\"
		Debug.AspNetCompiler.Updateable = "true"
		Debug.AspNetCompiler.ForceOverwrite = "true"
		Debug.AspNetCompiler.FixedNames = "false"
		Debug.AspNetCompiler.Debug = "True"
		Release.AspNetCompiler.VirtualPath = "/CodeGenerator"
		Release.AspNetCompiler.PhysicalPath = "CodeGenerator\"
		Release.AspNetCompiler.TargetPath = "PrecompiledWeb\CodeGenerator\"
		Release.AspNetCompiler.Updateable = "true"
		Release.AspNetCompiler.ForceOverwrite = "true"
		Release.AspNetCompiler.FixedNames = "false"
		Release.AspNetCompiler.Debug = "False"
		VWDPort = "38258"
		SlnRelativePath = "CodeGenerator\"
	EndProjectSection
EndProject
Project("{FAE04EC0-301F-11D3-BF4B-00C04F79EFBC}") = "MVC_Demo", "MVC_Demo\MVC_Demo.csproj", "{93028492-0DBD-4003-8859-F35AC7C629EF}"
EndProject
Project("{FAE04EC0-301F-11D3-BF4B-00C04F79EFBC}") = "MVC_UnitTests", "MVC_UnitTests\MVC_UnitTests.csproj", "{96093B49-7299-431A-A1AE-B1BDCB46B351}"
EndProject
Project("{FAE04EC0-301F-11D3-BF4B-00C04F79EFBC}") = "UtilDateReplacer", "UtilDateReplacer\UtilDateReplacer.csproj", "{D82FCCA0-182D-42A3-91B2-EA76FB97FC36}"
EndProject
Project("{FAE04EC0-301F-11D3-BF4B-00C04F79EFBC}") = "MVC_Highstock", "MVC_Highstock\MVC_Highstock.csproj", "{D05D7902-FDBE-422D-9F47-C84A74A25258}"
EndProject
Project("{FAE04EC0-301F-11D3-BF4B-00C04F79EFBC}") = "MVC_Highcharts", "MVC_Highcharts\MVC_Highcharts.csproj", "{FA4C2A73-1563-47DA-8F1B-64EF17D48918}"
EndProject
Project("{FAE04EC0-301F-11D3-BF4B-00C04F79EFBC}") = "MVC_Highmaps", "MVC_Highmaps\MVC_Highmaps.csproj", "{687B771F-4A14-493B-B78C-7D6AA617AF9D}"
EndProject
Project("{FAE04EC0-301F-11D3-BF4B-00C04F79EFBC}") = "ApiGenerator", "ApiGenerator\ApiGenerator.csproj", "{72BFADF5-8EDE-4E18-AF89-E507F220EE24}"
EndProject
Global
	GlobalSection(SolutionConfigurationPlatforms) = preSolution
		Debug|Any CPU = Debug|Any CPU
		Release|Any CPU = Release|Any CPU
	EndGlobalSection
	GlobalSection(ProjectConfigurationPlatforms) = postSolution
		{24804DC2-691A-4CFE-8C36-ED3C3A42F625}.Debug|Any CPU.ActiveCfg = Debug|Any CPU
		{24804DC2-691A-4CFE-8C36-ED3C3A42F625}.Debug|Any CPU.Build.0 = Debug|Any CPU
		{24804DC2-691A-4CFE-8C36-ED3C3A42F625}.Release|Any CPU.ActiveCfg = Debug|Any CPU
		{24804DC2-691A-4CFE-8C36-ED3C3A42F625}.Release|Any CPU.Build.0 = Debug|Any CPU
		{93028492-0DBD-4003-8859-F35AC7C629EF}.Debug|Any CPU.ActiveCfg = Debug|Any CPU
		{93028492-0DBD-4003-8859-F35AC7C629EF}.Debug|Any CPU.Build.0 = Debug|Any CPU
		{93028492-0DBD-4003-8859-F35AC7C629EF}.Release|Any CPU.ActiveCfg = Release|Any CPU
		{93028492-0DBD-4003-8859-F35AC7C629EF}.Release|Any CPU.Build.0 = Release|Any CPU
		{96093B49-7299-431A-A1AE-B1BDCB46B351}.Debug|Any CPU.ActiveCfg = Debug|Any CPU
		{96093B49-7299-431A-A1AE-B1BDCB46B351}.Debug|Any CPU.Build.0 = Debug|Any CPU
		{96093B49-7299-431A-A1AE-B1BDCB46B351}.Release|Any CPU.ActiveCfg = Release|Any CPU
		{96093B49-7299-431A-A1AE-B1BDCB46B351}.Release|Any CPU.Build.0 = Release|Any CPU
		{D82FCCA0-182D-42A3-91B2-EA76FB97FC36}.Debug|Any CPU.ActiveCfg = Debug|Any CPU
		{D82FCCA0-182D-42A3-91B2-EA76FB97FC36}.Debug|Any CPU.Build.0 = Debug|Any CPU
		{D82FCCA0-182D-42A3-91B2-EA76FB97FC36}.Release|Any CPU.ActiveCfg = Release|Any CPU
		{D82FCCA0-182D-42A3-91B2-EA76FB97FC36}.Release|Any CPU.Build.0 = Release|Any CPU
		{D05D7902-FDBE-422D-9F47-C84A74A25258}.Debug|Any CPU.ActiveCfg = Debug|Any CPU
		{D05D7902-FDBE-422D-9F47-C84A74A25258}.Debug|Any CPU.Build.0 = Debug|Any CPU
		{D05D7902-FDBE-422D-9F47-C84A74A25258}.Release|Any CPU.ActiveCfg = Release|Any CPU
		{D05D7902-FDBE-422D-9F47-C84A74A25258}.Release|Any CPU.Build.0 = Release|Any CPU
		{FA4C2A73-1563-47DA-8F1B-64EF17D48918}.Debug|Any CPU.ActiveCfg = Debug|Any CPU
		{FA4C2A73-1563-47DA-8F1B-64EF17D48918}.Debug|Any CPU.Build.0 = Debug|Any CPU
		{FA4C2A73-1563-47DA-8F1B-64EF17D48918}.Release|Any CPU.ActiveCfg = Release|Any CPU
		{FA4C2A73-1563-47DA-8F1B-64EF17D48918}.Release|Any CPU.Build.0 = Release|Any CPU
		{687B771F-4A14-493B-B78C-7D6AA617AF9D}.Debug|Any CPU.ActiveCfg = Debug|Any CPU
		{687B771F-4A14-493B-B78C-7D6AA617AF9D}.Debug|Any CPU.Build.0 = Debug|Any CPU
		{687B771F-4A14-493B-B78C-7D6AA617AF9D}.Release|Any CPU.ActiveCfg = Release|Any CPU
		{687B771F-4A14-493B-B78C-7D6AA617AF9D}.Release|Any CPU.Build.0 = Release|Any CPU
		{72BFADF5-8EDE-4E18-AF89-E507F220EE24}.Debug|Any CPU.ActiveCfg = Debug|Any CPU
		{72BFADF5-8EDE-4E18-AF89-E507F220EE24}.Debug|Any CPU.Build.0 = Debug|Any CPU
		{72BFADF5-8EDE-4E18-AF89-E507F220EE24}.Release|Any CPU.ActiveCfg = Release|Any CPU
		{72BFADF5-8EDE-4E18-AF89-E507F220EE24}.Release|Any CPU.Build.0 = Release|Any CPU
	EndGlobalSection
	GlobalSection(SolutionProperties) = preSolution
		HideSolutionNode = FALSE
	EndGlobalSection
EndGlobal
