
Microsoft Visual Studio Solution File, Format Version 12.00
# Visual Studio Version 16
VisualStudioVersion = 16.0.29424.173
MinimumVisualStudioVersion = 10.0.40219.1
Project("{9A19103F-16F7-4668-BE54-9A1E7A4F7556}") = "HighstockStandard2", "HighstockStandard2.csproj", "{D3BCEB50-5724-4437-82CA-0184C0995929}"
EndProject
Global
	GlobalSection(SolutionConfigurationPlatforms) = preSolution
		Debug|Any CPU = Debug|Any CPU
		Release|Any CPU = Release|Any CPU
	EndGlobalSection
	GlobalSection(ProjectConfigurationPlatforms) = postSolution
		{D3BCEB50-5724-4437-82CA-0184C0995929}.Debug|Any CPU.ActiveCfg = Debug|Any CPU
		{D3BCEB50-5724-4437-82CA-0184C0995929}.Debug|Any CPU.Build.0 = Debug|Any CPU
		{D3BCEB50-5724-4437-82CA-0184C0995929}.Release|Any CPU.ActiveCfg = Release|Any CPU
		{D3BCEB50-5724-4437-82CA-0184C0995929}.Release|Any CPU.Build.0 = Release|Any CPU
	EndGlobalSection
	GlobalSection(SolutionProperties) = preSolution
		HideSolutionNode = FALSE
	EndGlobalSection
	GlobalSection(ExtensibilityGlobals) = postSolution
		SolutionGuid = {711C27CD-8C38-4124-BD8B-2FF73F5D15F2}
	EndGlobalSection
EndGlobal
