
Microsoft Visual Studio Solution File, Format Version 12.00
# Visual Studio 15
VisualStudioVersion = 15.0.27428.2005
MinimumVisualStudioVersion = 10.0.40219.1
Project("{FAE04EC0-301F-11D3-BF4B-00C04F79EFBC}") = "AjaxSample", "AjaxSample\AjaxSample.csproj", "{CA456746-D6B8-4B32-A17C-944A03BF5C55}"
EndProject
Global
	GlobalSection(SolutionConfigurationPlatforms) = preSolution
		Debug|Any CPU = Debug|Any CPU
		Release|Any CPU = Release|Any CPU
	EndGlobalSection
	GlobalSection(ProjectConfigurationPlatforms) = postSolution
		{CA456746-D6B8-4B32-A17C-944A03BF5C55}.Debug|Any CPU.ActiveCfg = Debug|Any CPU
		{CA456746-D6B8-4B32-A17C-944A03BF5C55}.Debug|Any CPU.Build.0 = Debug|Any CPU
		{CA456746-D6B8-4B32-A17C-944A03BF5C55}.Release|Any CPU.ActiveCfg = Release|Any CPU
		{CA456746-D6B8-4B32-A17C-944A03BF5C55}.Release|Any CPU.Build.0 = Release|Any CPU
	EndGlobalSection
	GlobalSection(SolutionProperties) = preSolution
		HideSolutionNode = FALSE
	EndGlobalSection
	GlobalSection(ExtensibilityGlobals) = postSolution
		SolutionGuid = {3E984D74-8508-43ED-91B3-C2D459D3EF37}
	EndGlobalSection
EndGlobal
