
Microsoft Visual Studio Solution File, Format Version 12.00
# Visual Studio Version 16
VisualStudioVersion = 16.0.30503.244
MinimumVisualStudioVersion = 10.0.40219.1
Project("{FAE04EC0-301F-11D3-BF4B-00C04F79EFBC}") = "BlazorApp1", "BlazorApp1\BlazorApp1.csproj", "{37F19521-8CCF-4DAE-A828-28ACDF910466}"
EndProject
Global
	GlobalSection(SolutionConfigurationPlatforms) = preSolution
		Debug|Any CPU = Debug|Any CPU
		Release|Any CPU = Release|Any CPU
	EndGlobalSection
	GlobalSection(ProjectConfigurationPlatforms) = postSolution
		{37F19521-8CCF-4DAE-A828-28ACDF910466}.Debug|Any CPU.ActiveCfg = Debug|Any CPU
		{37F19521-8CCF-4DAE-A828-28ACDF910466}.Debug|Any CPU.Build.0 = Debug|Any CPU
		{37F19521-8CCF-4DAE-A828-28ACDF910466}.Release|Any CPU.ActiveCfg = Release|Any CPU
		{37F19521-8CCF-4DAE-A828-28ACDF910466}.Release|Any CPU.Build.0 = Release|Any CPU
	EndGlobalSection
	GlobalSection(SolutionProperties) = preSolution
		HideSolutionNode = FALSE
	EndGlobalSection
	GlobalSection(ExtensibilityGlobals) = postSolution
		SolutionGuid = {76AEC3D9-7980-4599-B43C-7DB1E9E771CF}
	EndGlobalSection
EndGlobal
