
Microsoft Visual Studio Solution File, Format Version 12.00
# Visual Studio Version 17
VisualStudioVersion = 17.0.32126.317
MinimumVisualStudioVersion = 10.0.40219.1
Project("{FAE04EC0-301F-11D3-BF4B-00C04F79EFBC}") = "UnitTests_MVC", "MVC_UnitTests\UnitTests_MVC.csproj", "{96093B49-7299-431A-A1AE-B1BDCB46B351}"
EndProject
Project("{FAE04EC0-301F-11D3-BF4B-00C04F79EFBC}") = "SourceCodeGenerator", "SourceCodeGenerator\SourceCodeGenerator.csproj", "{9CE7B1B8-5411-4301-AE57-937F3FB8E7EC}"
EndProject
Project("{FAE04EC0-301F-11D3-BF4B-00C04F79EFBC}") = "MVC_Demo_Standard", "MVC_Demo_Standard\MVC_Demo_Standard.csproj", "{CF9708E9-2657-45C6-8C9E-71C69734AEF5}"
EndProject
Project("{9A19103F-16F7-4668-BE54-9A1E7A4F7556}") = "UnitTests_HC", "UnitTests\UnitTests_HC.csproj", "{EB6D3FBB-803E-451A-A571-01C832A4E970}"
EndProject
Project("{9A19103F-16F7-4668-BE54-9A1E7A4F7556}") = "UnitTests_HS", "HsUnitTests\UnitTests_HS.csproj", "{DAB96DBC-3112-47A9-BECE-B00AA4970445}"
EndProject
Project("{9A19103F-16F7-4668-BE54-9A1E7A4F7556}") = "HighchartsStandard", "HighchartsStandard\HighchartsStandard.csproj", "{D5C8FC1F-55BC-43E4-B488-EBF73736B6B9}"
EndProject
Project("{9A19103F-16F7-4668-BE54-9A1E7A4F7556}") = "HighstockStandard", "HighstockStandard\HighstockStandard.csproj", "{FDD00731-A836-4D1A-A823-6A5DBBA298EC}"
EndProject
Global
	GlobalSection(SolutionConfigurationPlatforms) = preSolution
		Debug|Any CPU = Debug|Any CPU
		Release|Any CPU = Release|Any CPU
	EndGlobalSection
	GlobalSection(ProjectConfigurationPlatforms) = postSolution
		{96093B49-7299-431A-A1AE-B1BDCB46B351}.Debug|Any CPU.ActiveCfg = Debug|Any CPU
		{96093B49-7299-431A-A1AE-B1BDCB46B351}.Debug|Any CPU.Build.0 = Debug|Any CPU
		{96093B49-7299-431A-A1AE-B1BDCB46B351}.Release|Any CPU.ActiveCfg = Release|Any CPU
		{96093B49-7299-431A-A1AE-B1BDCB46B351}.Release|Any CPU.Build.0 = Release|Any CPU
		{9CE7B1B8-5411-4301-AE57-937F3FB8E7EC}.Debug|Any CPU.ActiveCfg = Debug|Any CPU
		{9CE7B1B8-5411-4301-AE57-937F3FB8E7EC}.Debug|Any CPU.Build.0 = Debug|Any CPU
		{9CE7B1B8-5411-4301-AE57-937F3FB8E7EC}.Release|Any CPU.ActiveCfg = Release|Any CPU
		{9CE7B1B8-5411-4301-AE57-937F3FB8E7EC}.Release|Any CPU.Build.0 = Release|Any CPU
		{CF9708E9-2657-45C6-8C9E-71C69734AEF5}.Debug|Any CPU.ActiveCfg = Debug|Any CPU
		{CF9708E9-2657-45C6-8C9E-71C69734AEF5}.Debug|Any CPU.Build.0 = Debug|Any CPU
		{CF9708E9-2657-45C6-8C9E-71C69734AEF5}.Release|Any CPU.ActiveCfg = Release|Any CPU
		{CF9708E9-2657-45C6-8C9E-71C69734AEF5}.Release|Any CPU.Build.0 = Release|Any CPU
		{EB6D3FBB-803E-451A-A571-01C832A4E970}.Debug|Any CPU.ActiveCfg = Debug|Any CPU
		{EB6D3FBB-803E-451A-A571-01C832A4E970}.Debug|Any CPU.Build.0 = Debug|Any CPU
		{EB6D3FBB-803E-451A-A571-01C832A4E970}.Release|Any CPU.ActiveCfg = Release|Any CPU
		{EB6D3FBB-803E-451A-A571-01C832A4E970}.Release|Any CPU.Build.0 = Release|Any CPU
		{DAB96DBC-3112-47A9-BECE-B00AA4970445}.Debug|Any CPU.ActiveCfg = Debug|Any CPU
		{DAB96DBC-3112-47A9-BECE-B00AA4970445}.Debug|Any CPU.Build.0 = Debug|Any CPU
		{DAB96DBC-3112-47A9-BECE-B00AA4970445}.Release|Any CPU.ActiveCfg = Release|Any CPU
		{DAB96DBC-3112-47A9-BECE-B00AA4970445}.Release|Any CPU.Build.0 = Release|Any CPU
		{D5C8FC1F-55BC-43E4-B488-EBF73736B6B9}.Debug|Any CPU.ActiveCfg = Debug|Any CPU
		{D5C8FC1F-55BC-43E4-B488-EBF73736B6B9}.Debug|Any CPU.Build.0 = Debug|Any CPU
		{D5C8FC1F-55BC-43E4-B488-EBF73736B6B9}.Release|Any CPU.ActiveCfg = Release|Any CPU
		{D5C8FC1F-55BC-43E4-B488-EBF73736B6B9}.Release|Any CPU.Build.0 = Release|Any CPU
		{FDD00731-A836-4D1A-A823-6A5DBBA298EC}.Debug|Any CPU.ActiveCfg = Debug|Any CPU
		{FDD00731-A836-4D1A-A823-6A5DBBA298EC}.Debug|Any CPU.Build.0 = Debug|Any CPU
		{FDD00731-A836-4D1A-A823-6A5DBBA298EC}.Release|Any CPU.ActiveCfg = Release|Any CPU
		{FDD00731-A836-4D1A-A823-6A5DBBA298EC}.Release|Any CPU.Build.0 = Release|Any CPU
	EndGlobalSection
	GlobalSection(SolutionProperties) = preSolution
		HideSolutionNode = FALSE
	EndGlobalSection
	GlobalSection(ExtensibilityGlobals) = postSolution
		SolutionGuid = {3EAA2791-9624-40DC-9C72-6B955A2FE4DC}
	EndGlobalSection
EndGlobal
