
Microsoft Visual Studio Solution File, Format Version 12.00
# Visual Studio Version 17
VisualStudioVersion = 17.0.32126.317
MinimumVisualStudioVersion = 10.0.40219.1
Project("{FAE04EC0-301F-11D3-BF4B-00C04F79EFBC}") = "MVC_UnitTests", "MVC_UnitTests\MVC_UnitTests.csproj", "{96093B49-7299-431A-A1AE-B1BDCB46B351}"
EndProject
Project("{FAE04EC0-301F-11D3-BF4B-00C04F79EFBC}") = "UtilDateReplacer", "UtilDateReplacer\UtilDateReplacer.csproj", "{D82FCCA0-182D-42A3-91B2-EA76FB97FC36}"
EndProject
Project("{FAE04EC0-301F-11D3-BF4B-00C04F79EFBC}") = "SourceCodeGenerator", "SourceCodeGenerator\SourceCodeGenerator.csproj", "{9CE7B1B8-5411-4301-AE57-937F3FB8E7EC}"
EndProject
Project("{FAE04EC0-301F-11D3-BF4B-00C04F79EFBC}") = "SetOptionsSample", "..\..\..\.NET Projects\SetOptionsSample\SetOptionsSample\SetOptionsSample.csproj", "{E09DEA83-134D-4CFA-A68F-31F28944B3F4}"
EndProject
Project("{FAE04EC0-301F-11D3-BF4B-00C04F79EFBC}") = "LegendItemClick", "D:\work\LegendItemClick\LegendItemClick\LegendItemClick\LegendItemClick.csproj", "{94BA9D3D-0BBE-40FF-A67E-365EF05FBAC0}"
EndProject
Project("{FAE04EC0-301F-11D3-BF4B-00C04F79EFBC}") = "ResponsiveRules", "ResponsiveRules\ResponsiveRules.csproj", "{F4B0E856-705F-4398-9FF3-4C085573DC88}"
EndProject
Project("{FAE04EC0-301F-11D3-BF4B-00C04F79EFBC}") = "MVC_Demo_Standard", "MVC_Demo_Standard\MVC_Demo_Standard.csproj", "{CF9708E9-2657-45C6-8C9E-71C69734AEF5}"
EndProject
Project("{9A19103F-16F7-4668-BE54-9A1E7A4F7556}") = "HighchartsStandard2", "..\_HC8\HighchartsStandard\HighchartsStandard2.csproj", "{5263A8FD-5372-4433-B171-A00B0B8C42A1}"
EndProject
Project("{9A19103F-16F7-4668-BE54-9A1E7A4F7556}") = "HighstockStandard2", "..\_HC8\HighstockStandard\HighstockStandard2.csproj", "{DF9A356F-C423-492E-AA8F-F85E509AB2B4}"
EndProject
Project("{9A19103F-16F7-4668-BE54-9A1E7A4F7556}") = "BlazorApp1", "D:\work\blazor\BlazorApp1\BlazorApp1\BlazorApp1.csproj", "{4FCAD34F-9B5F-4316-BA0D-6EB7B2C48978}"
EndProject
Project("{9A19103F-16F7-4668-BE54-9A1E7A4F7556}") = "UnitTests", "UnitTests\UnitTests.csproj", "{EB6D3FBB-803E-451A-A571-01C832A4E970}"
EndProject
Global
	GlobalSection(SolutionConfigurationPlatforms) = preSolution
		Debug|Any CPU = Debug|Any CPU
		Release|Any CPU = Release|Any CPU
	EndGlobalSection
	GlobalSection(ProjectConfigurationPlatforms) = postSolution
		{96093B49-7299-431A-A1AE-B1BDCB46B351}.Debug|Any CPU.ActiveCfg = Debug|Any CPU
		{96093B49-7299-431A-A1AE-B1BDCB46B351}.Debug|Any CPU.Build.0 = Debug|Any CPU
		{96093B49-7299-431A-A1AE-B1BDCB46B351}.Release|Any CPU.ActiveCfg = Release|Any CPU
		{96093B49-7299-431A-A1AE-B1BDCB46B351}.Release|Any CPU.Build.0 = Release|Any CPU
		{D82FCCA0-182D-42A3-91B2-EA76FB97FC36}.Debug|Any CPU.ActiveCfg = Debug|Any CPU
		{D82FCCA0-182D-42A3-91B2-EA76FB97FC36}.Debug|Any CPU.Build.0 = Debug|Any CPU
		{D82FCCA0-182D-42A3-91B2-EA76FB97FC36}.Release|Any CPU.ActiveCfg = Release|Any CPU
		{D82FCCA0-182D-42A3-91B2-EA76FB97FC36}.Release|Any CPU.Build.0 = Release|Any CPU
		{9CE7B1B8-5411-4301-AE57-937F3FB8E7EC}.Debug|Any CPU.ActiveCfg = Debug|Any CPU
		{9CE7B1B8-5411-4301-AE57-937F3FB8E7EC}.Debug|Any CPU.Build.0 = Debug|Any CPU
		{9CE7B1B8-5411-4301-AE57-937F3FB8E7EC}.Release|Any CPU.ActiveCfg = Release|Any CPU
		{9CE7B1B8-5411-4301-AE57-937F3FB8E7EC}.Release|Any CPU.Build.0 = Release|Any CPU
		{E09DEA83-134D-4CFA-A68F-31F28944B3F4}.Debug|Any CPU.ActiveCfg = Debug|Any CPU
		{E09DEA83-134D-4CFA-A68F-31F28944B3F4}.Debug|Any CPU.Build.0 = Debug|Any CPU
		{E09DEA83-134D-4CFA-A68F-31F28944B3F4}.Release|Any CPU.ActiveCfg = Release|Any CPU
		{E09DEA83-134D-4CFA-A68F-31F28944B3F4}.Release|Any CPU.Build.0 = Release|Any CPU
		{94BA9D3D-0BBE-40FF-A67E-365EF05FBAC0}.Debug|Any CPU.ActiveCfg = Debug|Any CPU
		{94BA9D3D-0BBE-40FF-A67E-365EF05FBAC0}.Debug|Any CPU.Build.0 = Debug|Any CPU
		{94BA9D3D-0BBE-40FF-A67E-365EF05FBAC0}.Release|Any CPU.ActiveCfg = Release|Any CPU
		{94BA9D3D-0BBE-40FF-A67E-365EF05FBAC0}.Release|Any CPU.Build.0 = Release|Any CPU
		{F4B0E856-705F-4398-9FF3-4C085573DC88}.Debug|Any CPU.ActiveCfg = Debug|Any CPU
		{F4B0E856-705F-4398-9FF3-4C085573DC88}.Debug|Any CPU.Build.0 = Debug|Any CPU
		{F4B0E856-705F-4398-9FF3-4C085573DC88}.Release|Any CPU.ActiveCfg = Release|Any CPU
		{F4B0E856-705F-4398-9FF3-4C085573DC88}.Release|Any CPU.Build.0 = Release|Any CPU
		{CF9708E9-2657-45C6-8C9E-71C69734AEF5}.Debug|Any CPU.ActiveCfg = Debug|Any CPU
		{CF9708E9-2657-45C6-8C9E-71C69734AEF5}.Debug|Any CPU.Build.0 = Debug|Any CPU
		{CF9708E9-2657-45C6-8C9E-71C69734AEF5}.Release|Any CPU.ActiveCfg = Release|Any CPU
		{CF9708E9-2657-45C6-8C9E-71C69734AEF5}.Release|Any CPU.Build.0 = Release|Any CPU
		{5263A8FD-5372-4433-B171-A00B0B8C42A1}.Debug|Any CPU.ActiveCfg = Debug|Any CPU
		{5263A8FD-5372-4433-B171-A00B0B8C42A1}.Debug|Any CPU.Build.0 = Debug|Any CPU
		{5263A8FD-5372-4433-B171-A00B0B8C42A1}.Release|Any CPU.ActiveCfg = Release|Any CPU
		{5263A8FD-5372-4433-B171-A00B0B8C42A1}.Release|Any CPU.Build.0 = Release|Any CPU
		{DF9A356F-C423-492E-AA8F-F85E509AB2B4}.Debug|Any CPU.ActiveCfg = Debug|Any CPU
		{DF9A356F-C423-492E-AA8F-F85E509AB2B4}.Debug|Any CPU.Build.0 = Debug|Any CPU
		{DF9A356F-C423-492E-AA8F-F85E509AB2B4}.Release|Any CPU.ActiveCfg = Release|Any CPU
		{DF9A356F-C423-492E-AA8F-F85E509AB2B4}.Release|Any CPU.Build.0 = Release|Any CPU
		{4FCAD34F-9B5F-4316-BA0D-6EB7B2C48978}.Debug|Any CPU.ActiveCfg = Debug|Any CPU
		{4FCAD34F-9B5F-4316-BA0D-6EB7B2C48978}.Debug|Any CPU.Build.0 = Debug|Any CPU
		{4FCAD34F-9B5F-4316-BA0D-6EB7B2C48978}.Release|Any CPU.ActiveCfg = Release|Any CPU
		{4FCAD34F-9B5F-4316-BA0D-6EB7B2C48978}.Release|Any CPU.Build.0 = Release|Any CPU
		{EB6D3FBB-803E-451A-A571-01C832A4E970}.Debug|Any CPU.ActiveCfg = Debug|Any CPU
		{EB6D3FBB-803E-451A-A571-01C832A4E970}.Debug|Any CPU.Build.0 = Debug|Any CPU
		{EB6D3FBB-803E-451A-A571-01C832A4E970}.Release|Any CPU.ActiveCfg = Release|Any CPU
		{EB6D3FBB-803E-451A-A571-01C832A4E970}.Release|Any CPU.Build.0 = Release|Any CPU
	EndGlobalSection
	GlobalSection(SolutionProperties) = preSolution
		HideSolutionNode = FALSE
	EndGlobalSection
	GlobalSection(ExtensibilityGlobals) = postSolution
		SolutionGuid = {3EAA2791-9624-40DC-9C72-6B955A2FE4DC}
	EndGlobalSection
EndGlobal
